
Microsoft Visual Studio Solution File, Format Version 12.00
# Visual Studio Version 17
VisualStudioVersion = 17.7.34221.43
MinimumVisualStudioVersion = 10.0.40219.1
Project("{FAE04EC0-301F-11D3-BF4B-00C04F79EFBC}") = "paramsMetodu", "paramsMetodu\paramsMetodu.csproj", "{809AAA07-DC85-4650-93ED-A284D4A3C764}"
EndProject
Global
	GlobalSection(SolutionConfigurationPlatforms) = preSolution
		Debug|Any CPU = Debug|Any CPU
		Release|Any CPU = Release|Any CPU
	EndGlobalSection
	GlobalSection(ProjectConfigurationPlatforms) = postSolution
		{809AAA07-DC85-4650-93ED-A284D4A3C764}.Debug|Any CPU.ActiveCfg = Debug|Any CPU
		{809AAA07-DC85-4650-93ED-A284D4A3C764}.Debug|Any CPU.Build.0 = Debug|Any CPU
		{809AAA07-DC85-4650-93ED-A284D4A3C764}.Release|Any CPU.ActiveCfg = Release|Any CPU
		{809AAA07-DC85-4650-93ED-A284D4A3C764}.Release|Any CPU.Build.0 = Release|Any CPU
	EndGlobalSection
	GlobalSection(SolutionProperties) = preSolution
		HideSolutionNode = FALSE
	EndGlobalSection
	GlobalSection(ExtensibilityGlobals) = postSolution
		SolutionGuid = {3ABF697B-701E-423B-9C69-57D35ACDF59D}
	EndGlobalSection
EndGlobal
